
Microsoft Visual Studio Solution File, Format Version 12.00
# Visual Studio 2013
VisualStudioVersion = 12.0.31101.0
MinimumVisualStudioVersion = 10.0.40219.1
Project("{FAE04EC0-301F-11D3-BF4B-00C04F79EFBC}") = "QueToDb.Quer", "QueToDb.Quer\QueToDb.Quer.csproj", "{1EFE9467-71DA-4ADF-AFF1-FF4F753F1C14}"
EndProject
Project("{2150E333-8FDC-42A3-9474-1A3956D46DE8}") = "Queues", "Queues", "{63A11E29-00C5-4CC8-929B-967777586268}"
EndProject
Project("{2150E333-8FDC-42A3-9474-1A3956D46DE8}") = "Dbs", "Dbs", "{AC111026-4DA7-4BC0-AF0D-17A64B63E263}"
EndProject
Project("{FAE04EC0-301F-11D3-BF4B-00C04F79EFBC}") = "QueToDb.Queues.NetMq", "Queues\QueToDb.Queues.NetMq\QueToDb.Queues.NetMq.csproj", "{30491CCC-03C3-485E-82F2-3E59046C1C81}"
EndProject
Project("{2150E333-8FDC-42A3-9474-1A3956D46DE8}") = "Tests", "Tests", "{1849F48B-7DB7-4E2D-BD8A-D696752F8938}"
EndProject
Project("{FAE04EC0-301F-11D3-BF4B-00C04F79EFBC}") = "QueToDb.Queues.MSMQ", "Queues\QueToDb.Queues.MSMQ\QueToDb.Queues.MSMQ.csproj", "{57182830-8121-4394-831C-FFCC4A065A38}"
EndProject
Project("{FAE04EC0-301F-11D3-BF4B-00C04F79EFBC}") = "QueToDb.Dbs.MongoDB", "Dbs\QueToDb.Dbs.MongoDB\QueToDb.Dbs.MongoDB.csproj", "{DEAF6DFF-CAAE-41F1-BD09-9C7CD584B39B}"
EndProject
Project("{FAE04EC0-301F-11D3-BF4B-00C04F79EFBC}") = "QueToDb.Dber", "QueToDb.Dber\QueToDb.Dber.csproj", "{D0FDB075-4047-4EF5-B62F-EE52F724EEBA}"
EndProject
Project("{FAE04EC0-301F-11D3-BF4B-00C04F79EFBC}") = "QueToDb.Tests.MongoDb", "Tests\QueToDb.Tests.MongoDb\QueToDb.Tests.MongoDb.csproj", "{D0DD043C-E996-4258-B065-27A2458E49E2}"
EndProject
Project("{FAE04EC0-301F-11D3-BF4B-00C04F79EFBC}") = "QueToDb.Dbs.DocumentDB", "Dbs\QueToDb.Dbs.DocumentDB\QueToDb.Dbs.DocumentDB.csproj", "{E8B2975F-293E-4B14-8F56-82E90226BE0A}"
EndProject
Project("{FAE04EC0-301F-11D3-BF4B-00C04F79EFBC}") = "QueToDb.Tests.DocumentDB", "Tests\QueToDb.Tests.DocumentDB\QueToDb.Tests.DocumentDB.csproj", "{9BFA3AD5-E0C0-47CD-B6BE-F1E54F696132}"
EndProject
Project("{FAE04EC0-301F-11D3-BF4B-00C04F79EFBC}") = "QueToDb.Queues.Redis", "Queues\QueToDb.Queues.Redis\QueToDb.Queues.Redis.csproj", "{1DC294C3-82F2-4559-81CE-D6EF2E1C13C6}"
EndProject
Project("{2150E333-8FDC-42A3-9474-1A3956D46DE8}") = ".nuget", ".nuget", "{F0BA3032-74FA-446C-B697-F959C4C82A8D}"
	ProjectSection(SolutionItems) = preProject
		.nuget\packages.config = .nuget\packages.config
	EndProjectSection
EndProject
Project("{FAE04EC0-301F-11D3-BF4B-00C04F79EFBC}") = "QueToDb.Tests.Functional", "Tests\QueToDb.Tests.Functional\QueToDb.Tests.Functional.csproj", "{B0D5C289-AEB4-430E-B8DA-4FE8D415C67C}"
EndProject
Project("{FAE04EC0-301F-11D3-BF4B-00C04F79EFBC}") = "QueToDb.Queues.EventHub", "Queues\QueToDb.Queues.EventHub\QueToDb.Queues.EventHub.csproj", "{4309EE60-18FD-4E78-80E0-B82ACAB090DB}"
EndProject
Project("{FAE04EC0-301F-11D3-BF4B-00C04F79EFBC}") = "QueToDb.Queues.EventHubWithHost", "Queues\QueToDb.Queues.EventHubWithHost\QueToDb.Queues.EventHubWithHost.csproj", "{F735A6F6-599C-43DD-82C0-6E3774B05951}"
EndProject
Global
	GlobalSection(SolutionConfigurationPlatforms) = preSolution
		Debug|Any CPU = Debug|Any CPU
		Release|Any CPU = Release|Any CPU
	EndGlobalSection
	GlobalSection(ProjectConfigurationPlatforms) = postSolution
		{1EFE9467-71DA-4ADF-AFF1-FF4F753F1C14}.Debug|Any CPU.ActiveCfg = Debug|Any CPU
		{1EFE9467-71DA-4ADF-AFF1-FF4F753F1C14}.Debug|Any CPU.Build.0 = Debug|Any CPU
		{1EFE9467-71DA-4ADF-AFF1-FF4F753F1C14}.Release|Any CPU.ActiveCfg = Release|Any CPU
		{1EFE9467-71DA-4ADF-AFF1-FF4F753F1C14}.Release|Any CPU.Build.0 = Release|Any CPU
		{30491CCC-03C3-485E-82F2-3E59046C1C81}.Debug|Any CPU.ActiveCfg = Debug|Any CPU
		{30491CCC-03C3-485E-82F2-3E59046C1C81}.Debug|Any CPU.Build.0 = Debug|Any CPU
		{30491CCC-03C3-485E-82F2-3E59046C1C81}.Release|Any CPU.ActiveCfg = Release|Any CPU
		{30491CCC-03C3-485E-82F2-3E59046C1C81}.Release|Any CPU.Build.0 = Release|Any CPU
		{57182830-8121-4394-831C-FFCC4A065A38}.Debug|Any CPU.ActiveCfg = Debug|Any CPU
		{57182830-8121-4394-831C-FFCC4A065A38}.Debug|Any CPU.Build.0 = Debug|Any CPU
		{57182830-8121-4394-831C-FFCC4A065A38}.Release|Any CPU.ActiveCfg = Release|Any CPU
		{57182830-8121-4394-831C-FFCC4A065A38}.Release|Any CPU.Build.0 = Release|Any CPU
		{DEAF6DFF-CAAE-41F1-BD09-9C7CD584B39B}.Debug|Any CPU.ActiveCfg = Debug|Any CPU
		{DEAF6DFF-CAAE-41F1-BD09-9C7CD584B39B}.Debug|Any CPU.Build.0 = Debug|Any CPU
		{DEAF6DFF-CAAE-41F1-BD09-9C7CD584B39B}.Release|Any CPU.ActiveCfg = Release|Any CPU
		{DEAF6DFF-CAAE-41F1-BD09-9C7CD584B39B}.Release|Any CPU.Build.0 = Release|Any CPU
		{D0FDB075-4047-4EF5-B62F-EE52F724EEBA}.Debug|Any CPU.ActiveCfg = Debug|Any CPU
		{D0FDB075-4047-4EF5-B62F-EE52F724EEBA}.Debug|Any CPU.Build.0 = Debug|Any CPU
		{D0FDB075-4047-4EF5-B62F-EE52F724EEBA}.Release|Any CPU.ActiveCfg = Release|Any CPU
		{D0FDB075-4047-4EF5-B62F-EE52F724EEBA}.Release|Any CPU.Build.0 = Release|Any CPU
		{D0DD043C-E996-4258-B065-27A2458E49E2}.Debug|Any CPU.ActiveCfg = Debug|Any CPU
		{D0DD043C-E996-4258-B065-27A2458E49E2}.Debug|Any CPU.Build.0 = Debug|Any CPU
		{D0DD043C-E996-4258-B065-27A2458E49E2}.Release|Any CPU.ActiveCfg = Release|Any CPU
		{D0DD043C-E996-4258-B065-27A2458E49E2}.Release|Any CPU.Build.0 = Release|Any CPU
		{E8B2975F-293E-4B14-8F56-82E90226BE0A}.Debug|Any CPU.ActiveCfg = Debug|Any CPU
		{E8B2975F-293E-4B14-8F56-82E90226BE0A}.Debug|Any CPU.Build.0 = Debug|Any CPU
		{E8B2975F-293E-4B14-8F56-82E90226BE0A}.Release|Any CPU.ActiveCfg = Release|Any CPU
		{E8B2975F-293E-4B14-8F56-82E90226BE0A}.Release|Any CPU.Build.0 = Release|Any CPU
		{9BFA3AD5-E0C0-47CD-B6BE-F1E54F696132}.Debug|Any CPU.ActiveCfg = Debug|Any CPU
		{9BFA3AD5-E0C0-47CD-B6BE-F1E54F696132}.Debug|Any CPU.Build.0 = Debug|Any CPU
		{9BFA3AD5-E0C0-47CD-B6BE-F1E54F696132}.Release|Any CPU.ActiveCfg = Release|Any CPU
		{9BFA3AD5-E0C0-47CD-B6BE-F1E54F696132}.Release|Any CPU.Build.0 = Release|Any CPU
		{1DC294C3-82F2-4559-81CE-D6EF2E1C13C6}.Debug|Any CPU.ActiveCfg = Debug|Any CPU
		{1DC294C3-82F2-4559-81CE-D6EF2E1C13C6}.Debug|Any CPU.Build.0 = Debug|Any CPU
		{1DC294C3-82F2-4559-81CE-D6EF2E1C13C6}.Release|Any CPU.ActiveCfg = Release|Any CPU
		{1DC294C3-82F2-4559-81CE-D6EF2E1C13C6}.Release|Any CPU.Build.0 = Release|Any CPU
		{B0D5C289-AEB4-430E-B8DA-4FE8D415C67C}.Debug|Any CPU.ActiveCfg = Debug|Any CPU
		{B0D5C289-AEB4-430E-B8DA-4FE8D415C67C}.Debug|Any CPU.Build.0 = Debug|Any CPU
		{B0D5C289-AEB4-430E-B8DA-4FE8D415C67C}.Release|Any CPU.ActiveCfg = Release|Any CPU
		{B0D5C289-AEB4-430E-B8DA-4FE8D415C67C}.Release|Any CPU.Build.0 = Release|Any CPU
		{4309EE60-18FD-4E78-80E0-B82ACAB090DB}.Debug|Any CPU.ActiveCfg = Debug|Any CPU
		{4309EE60-18FD-4E78-80E0-B82ACAB090DB}.Debug|Any CPU.Build.0 = Debug|Any CPU
		{4309EE60-18FD-4E78-80E0-B82ACAB090DB}.Release|Any CPU.ActiveCfg = Release|Any CPU
		{4309EE60-18FD-4E78-80E0-B82ACAB090DB}.Release|Any CPU.Build.0 = Release|Any CPU
		{F735A6F6-599C-43DD-82C0-6E3774B05951}.Debug|Any CPU.ActiveCfg = Debug|Any CPU
		{F735A6F6-599C-43DD-82C0-6E3774B05951}.Debug|Any CPU.Build.0 = Debug|Any CPU
		{F735A6F6-599C-43DD-82C0-6E3774B05951}.Release|Any CPU.ActiveCfg = Release|Any CPU
		{F735A6F6-599C-43DD-82C0-6E3774B05951}.Release|Any CPU.Build.0 = Release|Any CPU
	EndGlobalSection
	GlobalSection(SolutionProperties) = preSolution
		HideSolutionNode = FALSE
	EndGlobalSection
	GlobalSection(NestedProjects) = preSolution
		{30491CCC-03C3-485E-82F2-3E59046C1C81} = {63A11E29-00C5-4CC8-929B-967777586268}
		{57182830-8121-4394-831C-FFCC4A065A38} = {63A11E29-00C5-4CC8-929B-967777586268}
		{DEAF6DFF-CAAE-41F1-BD09-9C7CD584B39B} = {AC111026-4DA7-4BC0-AF0D-17A64B63E263}
		{D0DD043C-E996-4258-B065-27A2458E49E2} = {1849F48B-7DB7-4E2D-BD8A-D696752F8938}
		{E8B2975F-293E-4B14-8F56-82E90226BE0A} = {AC111026-4DA7-4BC0-AF0D-17A64B63E263}
		{9BFA3AD5-E0C0-47CD-B6BE-F1E54F696132} = {1849F48B-7DB7-4E2D-BD8A-D696752F8938}
		{1DC294C3-82F2-4559-81CE-D6EF2E1C13C6} = {63A11E29-00C5-4CC8-929B-967777586268}
		{B0D5C289-AEB4-430E-B8DA-4FE8D415C67C} = {1849F48B-7DB7-4E2D-BD8A-D696752F8938}
		{4309EE60-18FD-4E78-80E0-B82ACAB090DB} = {63A11E29-00C5-4CC8-929B-967777586268}
		{F735A6F6-599C-43DD-82C0-6E3774B05951} = {63A11E29-00C5-4CC8-929B-967777586268}
	EndGlobalSection
EndGlobal
